// !$*UTF8*$!
{
	archiveVersion = 1;
	classes = {
	};
	objectVersion = 46;
	objects = {

/* Begin PBXBuildFile section */
		CD4492041544D3DC002124C0 /* UIKit.framework in Frameworks */ = {isa = PBXBuildFile; fileRef = CD4492031544D3DC002124C0 /* UIKit.framework */; };
		CD4492061544D3DC002124C0 /* Foundation.framework in Frameworks */ = {isa = PBXBuildFile; fileRef = CD4492051544D3DC002124C0 /* Foundation.framework */; };
		CD4492081544D3DC002124C0 /* CoreGraphics.framework in Frameworks */ = {isa = PBXBuildFile; fileRef = CD4492071544D3DC002124C0 /* CoreGraphics.framework */; };
		CD44920E1544D3DC002124C0 /* InfoPlist.strings in Resources */ = {isa = PBXBuildFile; fileRef = CD44920C1544D3DC002124C0 /* InfoPlist.strings */; };
		CD4492101544D3DC002124C0 /* main.m in Sources */ = {isa = PBXBuildFile; fileRef = CD44920F1544D3DC002124C0 /* main.m */; };
		CD4492141544D3DC002124C0 /* ChecklistsAppDelegate.m in Sources */ = {isa = PBXBuildFile; fileRef = CD4492131544D3DC002124C0 /* ChecklistsAppDelegate.m */; };
		CD4492171544D3DC002124C0 /* MainStoryboard.storyboard in Resources */ = {isa = PBXBuildFile; fileRef = CD4492151544D3DC002124C0 /* MainStoryboard.storyboard */; };
		CD44921A1544D3DC002124C0 /* ChecklistsViewController.m in Sources */ = {isa = PBXBuildFile; fileRef = CD4492191544D3DC002124C0 /* ChecklistsViewController.m */; };
		CDBC74451544E757006EAE4D /* ChecklistItem.m in Sources */ = {isa = PBXBuildFile; fileRef = CDBC74441544E757006EAE4D /* ChecklistItem.m */; };
		CDBC7449154512C6006EAE4D /* ItemDetailViewController.m in Sources */ = {isa = PBXBuildFile; fileRef = CDBC7448154512C6006EAE4D /* ItemDetailViewController.m */; };
/* End PBXBuildFile section */

/* Begin PBXFileReference section */
		CD4491FF1544D3DC002124C0 /* Checklists.app */ = {isa = PBXFileReference; explicitFileType = wrapper.application; includeInIndex = 0; path = Checklists.app; sourceTree = BUILT_PRODUCTS_DIR; };
		CD4492031544D3DC002124C0 /* UIKit.framework */ = {isa = PBXFileReference; lastKnownFileType = wrapper.framework; name = UIKit.framework; path = System/Library/Frameworks/UIKit.framework; sourceTree = SDKROOT; };
		CD4492051544D3DC002124C0 /* Foundation.framework */ = {isa = PBXFileReference; lastKnownFileType = wrapper.framework; name = Foundation.framework; path = System/Library/Frameworks/Foundation.framework; sourceTree = SDKROOT; };
		CD4492071544D3DC002124C0 /* CoreGraphics.framework */ = {isa = PBXFileReference; lastKnownFileType = wrapper.framework; name = CoreGraphics.framework; path = System/Library/Frameworks/CoreGraphics.framework; sourceTree = SDKROOT; };
		CD44920B1544D3DC002124C0 /* Checklists-Info.plist */ = {isa = PBXFileReference; lastKnownFileType = text.plist.xml; path = "Checklists-Info.plist"; sourceTree = "<group>"; };
		CD44920D1544D3DC002124C0 /* en */ = {isa = PBXFileReference; lastKnownFileType = text.plist.strings; name = en; path = en.lproj/InfoPlist.strings; sourceTree = "<group>"; };
		CD44920F1544D3DC002124C0 /* main.m */ = {isa = PBXFileReference; lastKnownFileType = sourcecode.c.objc; path = main.m; sourceTree = "<group>"; };
		CD4492111544D3DC002124C0 /* Checklists-Prefix.pch */ = {isa = PBXFileReference; lastKnownFileType = sourcecode.c.h; path = "Checklists-Prefix.pch"; sourceTree = "<group>"; };
		CD4492121544D3DC002124C0 /* ChecklistsAppDelegate.h */ = {isa = PBXFileReference; lastKnownFileType = sourcecode.c.h; path = ChecklistsAppDelegate.h; sourceTree = "<group>"; };
		CD4492131544D3DC002124C0 /* ChecklistsAppDelegate.m */ = {isa = PBXFileReference; lastKnownFileType = sourcecode.c.objc; path = ChecklistsAppDelegate.m; sourceTree = "<group>"; };
		CD4492161544D3DC002124C0 /* en */ = {isa = PBXFileReference; lastKnownFileType = file.storyboard; name = en; path = en.lproj/MainStoryboard.storyboard; sourceTree = "<group>"; };
		CD4492181544D3DC002124C0 /* ChecklistsViewController.h */ = {isa = PBXFileReference; lastKnownFileType = sourcecode.c.h; path = ChecklistsViewController.h; sourceTree = "<group>"; };
		CD4492191544D3DC002124C0 /* ChecklistsViewController.m */ = {isa = PBXFileReference; lastKnownFileType = sourcecode.c.objc; path = ChecklistsViewController.m; sourceTree = "<group>"; };
		CDBC74431544E757006EAE4D /* ChecklistItem.h */ = {isa = PBXFileReference; fileEncoding = 4; lastKnownFileType = sourcecode.c.h; path = ChecklistItem.h; sourceTree = "<group>"; };
		CDBC74441544E757006EAE4D /* ChecklistItem.m */ = {isa = PBXFileReference; fileEncoding = 4; lastKnownFileType = sourcecode.c.objc; path = ChecklistItem.m; sourceTree = "<group>"; };
		CDBC7447154512C6006EAE4D /* ItemDetailViewController.h */ = {isa = PBXFileReference; fileEncoding = 4; lastKnownFileType = sourcecode.c.h; path = ItemDetailViewController.h; sourceTree = "<group>"; };
		CDBC7448154512C6006EAE4D /* ItemDetailViewController.m */ = {isa = PBXFileReference; fileEncoding = 4; lastKnownFileType = sourcecode.c.objc; path = ItemDetailViewController.m; sourceTree = "<group>"; };
/* End PBXFileReference section */

/* Begin PBXFrameworksBuildPhase section */
		CD4491FC1544D3DC002124C0 /* Frameworks */ = {
			isa = PBXFrameworksBuildPhase;
			buildActionMask = 2147483647;
			files = (
				CD4492041544D3DC002124C0 /* UIKit.framework in Frameworks */,
				CD4492061544D3DC002124C0 /* Foundation.framework in Frameworks */,
				CD4492081544D3DC002124C0 /* CoreGraphics.framework in Frameworks */,
			);
			runOnlyForDeploymentPostprocessing = 0;
		};
/* End PBXFrameworksBuildPhase section */

/* Begin PBXGroup section */
		CD4491F41544D3DC002124C0 = {
			isa = PBXGroup;
			children = (
				CD4492091544D3DC002124C0 /* Checklists */,
				CD4492021544D3DC002124C0 /* Frameworks */,
				CD4492001544D3DC002124C0 /* Products */,
			);
			sourceTree = "<group>";
		};
		CD4492001544D3DC002124C0 /* Products */ = {
			isa = PBXGroup;
			children = (
				CD4491FF1544D3DC002124C0 /* Checklists.app */,
			);
			name = Products;
			sourceTree = "<group>";
		};
		CD4492021544D3DC002124C0 /* Frameworks */ = {
			isa = PBXGroup;
			children = (
				CD4492031544D3DC002124C0 /* UIKit.framework */,
				CD4492051544D3DC002124C0 /* Foundation.framework */,
				CD4492071544D3DC002124C0 /* CoreGraphics.framework */,
			);
			name = Frameworks;
			sourceTree = "<group>";
		};
		CD4492091544D3DC002124C0 /* Checklists */ = {
			isa = PBXGroup;
			children = (
				CD4492121544D3DC002124C0 /* ChecklistsAppDelegate.h */,
				CD4492131544D3DC002124C0 /* ChecklistsAppDelegate.m */,
				CD4492151544D3DC002124C0 /* MainStoryboard.storyboard */,
				CD4492181544D3DC002124C0 /* ChecklistsViewController.h */,
				CD4492191544D3DC002124C0 /* ChecklistsViewController.m */,
				CD44920A1544D3DC002124C0 /* Supporting Files */,
				CDBC74431544E757006EAE4D /* ChecklistItem.h */,
				CDBC74441544E757006EAE4D /* ChecklistItem.m */,
				CDBC7447154512C6006EAE4D /* ItemDetailViewController.h */,
				CDBC7448154512C6006EAE4D /* ItemDetailViewController.m */,
			);
			path = Checklists;
			sourceTree = "<group>";
		};
		CD44920A1544D3DC002124C0 /* Supporting Files */ = {
			isa = PBXGroup;
			children = (
				CD44920B1544D3DC002124C0 /* Checklists-Info.plist */,
				CD44920C1544D3DC002124C0 /* InfoPlist.strings */,
				CD44920F1544D3DC002124C0 /* main.m */,
				CD4492111544D3DC002124C0 /* Checklists-Prefix.pch */,
			);
			name = "Supporting Files";
			sourceTree = "<group>";
		};
/* End PBXGroup section */

/* Begin PBXNativeTarget section */
		CD4491FE1544D3DC002124C0 /* Checklists */ = {
			isa = PBXNativeTarget;
			buildConfigurationList = CD44921D1544D3DC002124C0 /* Build configuration list for PBXNativeTarget "Checklists" */;
			buildPhases = (
				CD4491FB1544D3DC002124C0 /* Sources */,
				CD4491FC1544D3DC002124C0 /* Frameworks */,
				CD4491FD1544D3DC002124C0 /* Resources */,
			);
			buildRules = (
			);
			dependencies = (
			);
			name = Checklists;
			productName = Checklists;
			productReference = CD4491FF1544D3DC002124C0 /* Checklists.app */;
			productType = "com.apple.product-type.application";
		};
/* End PBXNativeTarget section */

/* Begin PBXProject section */
		CD4491F61544D3DC002124C0 /* Project object */ = {
			isa = PBXProject;
			attributes = {
				CLASSPREFIX = Checklists;
				LastUpgradeCheck = 0430;
			};
			buildConfigurationList = CD4491F91544D3DC002124C0 /* Build configuration list for PBXProject "Checklists" */;
			compatibilityVersion = "Xcode 3.2";
			developmentRegion = English;
			hasScannedForEncodings = 0;
			knownRegions = (
				en,
			);
			mainGroup = CD4491F41544D3DC002124C0;
			productRefGroup = CD4492001544D3DC002124C0 /* Products */;
			projectDirPath = "";
			projectRoot = "";
			targets = (
				CD4491FE1544D3DC002124C0 /* Checklists */,
			);
		};
/* End PBXProject section */

/* Begin PBXResourcesBuildPhase section */
		CD4491FD1544D3DC002124C0 /* Resources */ = {
			isa = PBXResourcesBuildPhase;
			buildActionMask = 2147483647;
			files = (
				CD44920E1544D3DC002124C0 /* InfoPlist.strings in Resources */,
				CD4492171544D3DC002124C0 /* MainStoryboard.storyboard in Resources */,
			);
			runOnlyForDeploymentPostprocessing = 0;
		};
/* End PBXResourcesBuildPhase section */

/* Begin PBXSourcesBuildPhase section */
		CD4491FB1544D3DC002124C0 /* Sources */ = {
			isa = PBXSourcesBuildPhase;
			buildActionMask = 2147483647;
			files = (
				CD4492101544D3DC002124C0 /* main.m in Sources */,
				CD4492141544D3DC002124C0 /* ChecklistsAppDelegate.m in Sources */,
				CD44921A1544D3DC002124C0 /* ChecklistsViewController.m in Sources */,
				CDBC74451544E757006EAE4D /* ChecklistItem.m in Sources */,
				CDBC7449154512C6006EAE4D /* ItemDetailViewController.m in Sources */,
			);
			runOnlyForDeploymentPostprocessing = 0;
		};
/* End PBXSourcesBuildPhase section */

/* Begin PBXVariantGroup section */
		CD44920C1544D3DC002124C0 /* InfoPlist.strings */ = {
			isa = PBXVariantGroup;
			children = (
				CD44920D1544D3DC002124C0 /* en */,
			);
			name = InfoPlist.strings;
			sourceTree = "<group>";
		};
		CD4492151544D3DC002124C0 /* MainStoryboard.storyboard */ = {
			isa = PBXVariantGroup;
			children = (
				CD4492161544D3DC002124C0 /* en */,
			);
			name = MainStoryboard.storyboard;
			sourceTree = "<group>";
		};
/* End PBXVariantGroup section */

/* Begin XCBuildConfiguration section */
		CD44921B1544D3DC002124C0 /* Debug */ = {
			isa = XCBuildConfiguration;
			buildSettings = {
				ALWAYS_SEARCH_USER_PATHS = NO;
				ARCHS = "$(ARCHS_STANDARD_32_BIT)";
				CLANG_ENABLE_OBJC_ARC = YES;
				"CODE_SIGN_IDENTITY[sdk=iphoneos*]" = "iPhone Developer";
				COPY_PHASE_STRIP = NO;
				GCC_C_LANGUAGE_STANDARD = gnu99;
				GCC_DYNAMIC_NO_PIC = NO;
				GCC_OPTIMIZATION_LEVEL = 0;
				GCC_PREPROCESSOR_DEFINITIONS = (
					"DEBUG=1",
					"$(inherited)",
				);
				GCC_SYMBOLS_PRIVATE_EXTERN = NO;
				GCC_VERSION = com.apple.compilers.llvm.clang.1_0;
				GCC_WARN_ABOUT_RETURN_TYPE = YES;
				GCC_WARN_UNINITIALIZED_AUTOS = YES;
				GCC_WARN_UNUSED_VARIABLE = YES;
				IPHONEOS_DEPLOYMENT_TARGET = 5.1;
				SDKROOT = iphoneos;
			};
			name = Debug;
		};
		CD44921C1544D3DC002124C0 /* Release */ = {
			isa = XCBuildConfiguration;
			buildSettings = {
				ALWAYS_SEARCH_USER_PATHS = NO;
				ARCHS = "$(ARCHS_STANDARD_32_BIT)";
				CLANG_ENABLE_OBJC_ARC = YES;
				"CODE_SIGN_IDENTITY[sdk=iphoneos*]" = "iPhone Developer";
				COPY_PHASE_STRIP = YES;
				GCC_C_LANGUAGE_STANDARD = gnu99;
				GCC_VERSION = com.apple.compilers.llvm.clang.1_0;
				GCC_WARN_ABOUT_RETURN_TYPE = YES;
				GCC_WARN_UNINITIALIZED_AUTOS = YES;
				GCC_WARN_UNUSED_VARIABLE = YES;
				IPHONEOS_DEPLOYMENT_TARGET = 5.1;
				OTHER_CFLAGS = "-DNS_BLOCK_ASSERTIONS=1";
				SDKROOT = iphoneos;
				VALIDATE_PRODUCT = YES;
			};
			name = Release;
		};
		CD44921E1544D3DC002124C0 /* Debug */ = {
			isa = XCBuildConfiguration;
			buildSettings = {
				GCC_PRECOMPILE_PREFIX_HEADER = YES;
				GCC_PREFIX_HEADER = "Checklists/Checklists-Prefix.pch";
				INFOPLIST_FILE = "Checklists/Checklists-Info.plist";
				PRODUCT_NAME = "$(TARGET_NAME)";
				WRAPPER_EXTENSION = app;
			};
			name = Debug;
		};
		CD44921F1544D3DC002124C0 /* Release */ = {
			isa = XCBuildConfiguration;
			buildSettings = {
				GCC_PRECOMPILE_PREFIX_HEADER = YES;
				GCC_PREFIX_HEADER = "Checklists/Checklists-Prefix.pch";
				INFOPLIST_FILE = "Checklists/Checklists-Info.plist";
				PRODUCT_NAME = "$(TARGET_NAME)";
				WRAPPER_EXTENSION = app;
			};
			name = Release;
		};
/* End XCBuildConfiguration section */

/* Begin XCConfigurationList section */
		CD4491F91544D3DC002124C0 /* Build configuration list for PBXProject "Checklists" */ = {
			isa = XCConfigurationList;
			buildConfigurations = (
				CD44921B1544D3DC002124C0 /* Debug */,
				CD44921C1544D3DC002124C0 /* Release */,
			);
			defaultConfigurationIsVisible = 0;
			defaultConfigurationName = Release;
		};
		CD44921D1544D3DC002124C0 /* Build configuration list for PBXNativeTarget "Checklists" */ = {
			isa = XCConfigurationList;
			buildConfigurations = (
				CD44921E1544D3DC002124C0 /* Debug */,
				CD44921F1544D3DC002124C0 /* Release */,
			);
			defaultConfigurationIsVisible = 0;
			defaultConfigurationName = Release;
		};
/* End XCConfigurationList section */
	};
	rootObject = CD4491F61544D3DC002124C0 /* Project object */;
}
